// !$*UTF8*$!
{
	archiveVersion = 1;
	classes = {
	};
	objectVersion = 56;
	objects = {

/* Begin PBXBuildFile section */
		AC91E278297D5C2E007CBFA9 /* SwiftUI_ShopingAppApp.swift in Sources */ = {isa = PBXBuildFile; fileRef = AC91E277297D5C2E007CBFA9 /* SwiftUI_ShopingAppApp.swift */; };
		AC91E27A297D5C2E007CBFA9 /* ContentView.swift in Sources */ = {isa = PBXBuildFile; fileRef = AC91E279297D5C2E007CBFA9 /* ContentView.swift */; };
		AC91E27C297D5C2F007CBFA9 /* Assets.xcassets in Resources */ = {isa = PBXBuildFile; fileRef = AC91E27B297D5C2F007CBFA9 /* Assets.xcassets */; };
		AC91E27F297D5C2F007CBFA9 /* Preview Assets.xcassets in Resources */ = {isa = PBXBuildFile; fileRef = AC91E27E297D5C2F007CBFA9 /* Preview Assets.xcassets */; };
		AC91E286297D60C6007CBFA9 /* DetailMainView.swift in Sources */ = {isa = PBXBuildFile; fileRef = AC91E285297D60C6007CBFA9 /* DetailMainView.swift */; };
		AC91E288297D60D4007CBFA9 /* Tabview.swift in Sources */ = {isa = PBXBuildFile; fileRef = AC91E287297D60D4007CBFA9 /* Tabview.swift */; };
		AC91E28D298010DC007CBFA9 /* BestItemData.swift in Sources */ = {isa = PBXBuildFile; fileRef = AC91E28C298010DC007CBFA9 /* BestItemData.swift */; };
		AC91E28F29801C66007CBFA9 /* ItemDetailView.swift in Sources */ = {isa = PBXBuildFile; fileRef = AC91E28E29801C66007CBFA9 /* ItemDetailView.swift */; };
		AC91E291298024C9007CBFA9 /* ItemListView.swift in Sources */ = {isa = PBXBuildFile; fileRef = AC91E290298024C9007CBFA9 /* ItemListView.swift */; };
/* End PBXBuildFile section */

/* Begin PBXFileReference section */
		AC91E274297D5C2E007CBFA9 /* SwiftUI_ShopingApp.app */ = {isa = PBXFileReference; explicitFileType = wrapper.application; includeInIndex = 0; path = SwiftUI_ShopingApp.app; sourceTree = BUILT_PRODUCTS_DIR; };
		AC91E277297D5C2E007CBFA9 /* SwiftUI_ShopingAppApp.swift */ = {isa = PBXFileReference; lastKnownFileType = sourcecode.swift; path = SwiftUI_ShopingAppApp.swift; sourceTree = "<group>"; };
		AC91E279297D5C2E007CBFA9 /* ContentView.swift */ = {isa = PBXFileReference; lastKnownFileType = sourcecode.swift; path = ContentView.swift; sourceTree = "<group>"; };
		AC91E27B297D5C2F007CBFA9 /* Assets.xcassets */ = {isa = PBXFileReference; lastKnownFileType = folder.assetcatalog; path = Assets.xcassets; sourceTree = "<group>"; };
		AC91E27E297D5C2F007CBFA9 /* Preview Assets.xcassets */ = {isa = PBXFileReference; lastKnownFileType = folder.assetcatalog; path = "Preview Assets.xcassets"; sourceTree = "<group>"; };
		AC91E285297D60C6007CBFA9 /* DetailMainView.swift */ = {isa = PBXFileReference; lastKnownFileType = sourcecode.swift; path = DetailMainView.swift; sourceTree = "<group>"; };
		AC91E287297D60D4007CBFA9 /* Tabview.swift */ = {isa = PBXFileReference; lastKnownFileType = sourcecode.swift; path = Tabview.swift; sourceTree = "<group>"; };
		AC91E289297FC1AA007CBFA9 /* SwiftUI-ShopingApp-Info.plist */ = {isa = PBXFileReference; lastKnownFileType = text.plist; path = "SwiftUI-ShopingApp-Info.plist"; sourceTree = SOURCE_ROOT; };
		AC91E28C298010DC007CBFA9 /* BestItemData.swift */ = {isa = PBXFileReference; lastKnownFileType = sourcecode.swift; path = BestItemData.swift; sourceTree = "<group>"; };
		AC91E28E29801C66007CBFA9 /* ItemDetailView.swift */ = {isa = PBXFileReference; lastKnownFileType = sourcecode.swift; path = ItemDetailView.swift; sourceTree = "<group>"; };
		AC91E290298024C9007CBFA9 /* ItemListView.swift */ = {isa = PBXFileReference; lastKnownFileType = sourcecode.swift; path = ItemListView.swift; sourceTree = "<group>"; };
/* End PBXFileReference section */

/* Begin PBXFrameworksBuildPhase section */
		AC91E271297D5C2E007CBFA9 /* Frameworks */ = {
			isa = PBXFrameworksBuildPhase;
			buildActionMask = 2147483647;
			files = (
			);
			runOnlyForDeploymentPostprocessing = 0;
		};
/* End PBXFrameworksBuildPhase section */

/* Begin PBXGroup section */
		AC91E26B297D5C2E007CBFA9 = {
			isa = PBXGroup;
			children = (
				AC91E276297D5C2E007CBFA9 /* SwiftUI_ShopingApp */,
				AC91E275297D5C2E007CBFA9 /* Products */,
			);
			sourceTree = "<group>";
		};
		AC91E275297D5C2E007CBFA9 /* Products */ = {
			isa = PBXGroup;
			children = (
				AC91E274297D5C2E007CBFA9 /* SwiftUI_ShopingApp.app */,
			);
			name = Products;
			sourceTree = "<group>";
		};
		AC91E276297D5C2E007CBFA9 /* SwiftUI_ShopingApp */ = {
			isa = PBXGroup;
			children = (
				AC91E289297FC1AA007CBFA9 /* SwiftUI-ShopingApp-Info.plist */,
				AC91E277297D5C2E007CBFA9 /* SwiftUI_ShopingAppApp.swift */,
				AC91E279297D5C2E007CBFA9 /* ContentView.swift */,
				AC91E285297D60C6007CBFA9 /* DetailMainView.swift */,
				AC91E28C298010DC007CBFA9 /* BestItemData.swift */,
				AC91E290298024C9007CBFA9 /* ItemListView.swift */,
				AC91E287297D60D4007CBFA9 /* Tabview.swift */,
				AC91E28E29801C66007CBFA9 /* ItemDetailView.swift */,
				AC91E27B297D5C2F007CBFA9 /* Assets.xcassets */,
				AC91E27D297D5C2F007CBFA9 /* Preview Content */,
			);
			path = SwiftUI_ShopingApp;
			sourceTree = "<group>";
		};
		AC91E27D297D5C2F007CBFA9 /* Preview Content */ = {
			isa = PBXGroup;
			children = (
				AC91E27E297D5C2F007CBFA9 /* Preview Assets.xcassets */,
			);
			path = "Preview Content";
			sourceTree = "<group>";
		};
/* End PBXGroup section */

/* Begin PBXNativeTarget section */
		AC91E273297D5C2E007CBFA9 /* SwiftUI_ShopingApp */ = {
			isa = PBXNativeTarget;
			buildConfigurationList = AC91E282297D5C2F007CBFA9 /* Build configuration list for PBXNativeTarget "SwiftUI_ShopingApp" */;
			buildPhases = (
				AC91E270297D5C2E007CBFA9 /* Sources */,
				AC91E271297D5C2E007CBFA9 /* Frameworks */,
				AC91E272297D5C2E007CBFA9 /* Resources */,
			);
			buildRules = (
			);
			dependencies = (
			);
			name = SwiftUI_ShopingApp;
			productName = SwiftUI_ShopingApp;
			productReference = AC91E274297D5C2E007CBFA9 /* SwiftUI_ShopingApp.app */;
			productType = "com.apple.product-type.application";
		};
/* End PBXNativeTarget section */

/* Begin PBXProject section */
		AC91E26C297D5C2E007CBFA9 /* Project object */ = {
			isa = PBXProject;
			attributes = {
				BuildIndependentTargetsInParallel = 1;
				LastSwiftUpdateCheck = 1420;
				LastUpgradeCheck = 1420;
				TargetAttributes = {
					AC91E273297D5C2E007CBFA9 = {
						CreatedOnToolsVersion = 14.2;
					};
				};
			};
			buildConfigurationList = AC91E26F297D5C2E007CBFA9 /* Build configuration list for PBXProject "SwiftUI_ShopingApp" */;
			compatibilityVersion = "Xcode 14.0";
			developmentRegion = en;
			hasScannedForEncodings = 0;
			knownRegions = (
				en,
				Base,
			);
			mainGroup = AC91E26B297D5C2E007CBFA9;
			productRefGroup = AC91E275297D5C2E007CBFA9 /* Products */;
			projectDirPath = "";
			projectRoot = "";
			targets = (
				AC91E273297D5C2E007CBFA9 /* SwiftUI_ShopingApp */,
			);
		};
/* End PBXProject section */

/* Begin PBXResourcesBuildPhase section */
		AC91E272297D5C2E007CBFA9 /* Resources */ = {
			isa = PBXResourcesBuildPhase;
			buildActionMask = 2147483647;
			files = (
				AC91E27F297D5C2F007CBFA9 /* Preview Assets.xcassets in Resources */,
				AC91E27C297D5C2F007CBFA9 /* Assets.xcassets in Resources */,
			);
			runOnlyForDeploymentPostprocessing = 0;
		};
/* End PBXResourcesBuildPhase section */

/* Begin PBXSourcesBuildPhase section */
		AC91E270297D5C2E007CBFA9 /* Sources */ = {
			isa = PBXSourcesBuildPhase;
			buildActionMask = 2147483647;
			files = (
				AC91E28F29801C66007CBFA9 /* ItemDetailView.swift in Sources */,
				AC91E27A297D5C2E007CBFA9 /* ContentView.swift in Sources */,
				AC91E278297D5C2E007CBFA9 /* SwiftUI_ShopingAppApp.swift in Sources */,
				AC91E28D298010DC007CBFA9 /* BestItemData.swift in Sources */,
				AC91E288297D60D4007CBFA9 /* Tabview.swift in Sources */,
				AC91E286297D60C6007CBFA9 /* DetailMainView.swift in Sources */,
				AC91E291298024C9007CBFA9 /* ItemListView.swift in Sources */,
			);
			runOnlyForDeploymentPostprocessing = 0;
		};
/* End PBXSourcesBuildPhase section */

/* Begin XCBuildConfiguration section */
		AC91E280297D5C2F007CBFA9 /* Debug */ = {
			isa = XCBuildConfiguration;
			buildSettings = {
				ALWAYS_SEARCH_USER_PATHS = NO;
				CLANG_ANALYZER_NONNULL = YES;
				CLANG_ANALYZER_NUMBER_OBJECT_CONVERSION = YES_AGGRESSIVE;
				CLANG_CXX_LANGUAGE_STANDARD = "gnu++20";
				CLANG_ENABLE_MODULES = YES;
				CLANG_ENABLE_OBJC_ARC = YES;
				CLANG_ENABLE_OBJC_WEAK = YES;
				CLANG_WARN_BLOCK_CAPTURE_AUTORELEASING = YES;
				CLANG_WARN_BOOL_CONVERSION = YES;
				CLANG_WARN_COMMA = YES;
				CLANG_WARN_CONSTANT_CONVERSION = YES;
				CLANG_WARN_DEPRECATED_OBJC_IMPLEMENTATIONS = YES;
				CLANG_WARN_DIRECT_OBJC_ISA_USAGE = YES_ERROR;
				CLANG_WARN_DOCUMENTATION_COMMENTS = YES;
				CLANG_WARN_EMPTY_BODY = YES;
				CLANG_WARN_ENUM_CONVERSION = YES;
				CLANG_WARN_INFINITE_RECURSION = YES;
				CLANG_WARN_INT_CONVERSION = YES;
				CLANG_WARN_NON_LITERAL_NULL_CONVERSION = YES;
				CLANG_WARN_OBJC_IMPLICIT_RETAIN_SELF = YES;
				CLANG_WARN_OBJC_LITERAL_CONVERSION = YES;
				CLANG_WARN_OBJC_ROOT_CLASS = YES_ERROR;
				CLANG_WARN_QUOTED_INCLUDE_IN_FRAMEWORK_HEADER = YES;
				CLANG_WARN_RANGE_LOOP_ANALYSIS = YES;
				CLANG_WARN_STRICT_PROTOTYPES = YES;
				CLANG_WARN_SUSPICIOUS_MOVE = YES;
				CLANG_WARN_UNGUARDED_AVAILABILITY = YES_AGGRESSIVE;
				CLANG_WARN_UNREACHABLE_CODE = YES;
				CLANG_WARN__DUPLICATE_METHOD_MATCH = YES;
				COPY_PHASE_STRIP = NO;
				DEBUG_INFORMATION_FORMAT = dwarf;
				ENABLE_STRICT_OBJC_MSGSEND = YES;
				ENABLE_TESTABILITY = YES;
				GCC_C_LANGUAGE_STANDARD = gnu11;
				GCC_DYNAMIC_NO_PIC = NO;
				GCC_NO_COMMON_BLOCKS = YES;
				GCC_OPTIMIZATION_LEVEL = 0;
				GCC_PREPROCESSOR_DEFINITIONS = (
					"DEBUG=1",
					"$(inherited)",
				);
				GCC_WARN_64_TO_32_BIT_CONVERSION = YES;
				GCC_WARN_ABOUT_RETURN_TYPE = YES_ERROR;
				GCC_WARN_UNDECLARED_SELECTOR = YES;
				GCC_WARN_UNINITIALIZED_AUTOS = YES_AGGRESSIVE;
				GCC_WARN_UNUSED_FUNCTION = YES;
				GCC_WARN_UNUSED_VARIABLE = YES;
				IPHONEOS_DEPLOYMENT_TARGET = 16.2;
				MTL_ENABLE_DEBUG_INFO = INCLUDE_SOURCE;
				MTL_FAST_MATH = YES;
				ONLY_ACTIVE_ARCH = YES;
				SDKROOT = iphoneos;
				SWIFT_ACTIVE_COMPILATION_CONDITIONS = DEBUG;
				SWIFT_OPTIMIZATION_LEVEL = "-Onone";
			};
			name = Debug;
		};
		AC91E281297D5C2F007CBFA9 /* Release */ = {
			isa = XCBuildConfiguration;
			buildSettings = {
				ALWAYS_SEARCH_USER_PATHS = NO;
				CLANG_ANALYZER_NONNULL = YES;
				CLANG_ANALYZER_NUMBER_OBJECT_CONVERSION = YES_AGGRESSIVE;
				CLANG_CXX_LANGUAGE_STANDARD = "gnu++20";
				CLANG_ENABLE_MODULES = YES;
				CLANG_ENABLE_OBJC_ARC = YES;
				CLANG_ENABLE_OBJC_WEAK = YES;
				CLANG_WARN_BLOCK_CAPTURE_AUTORELEASING = YES;
				CLANG_WARN_BOOL_CONVERSION = YES;
				CLANG_WARN_COMMA = YES;
				CLANG_WARN_CONSTANT_CONVERSION = YES;
				CLANG_WARN_DEPRECATED_OBJC_IMPLEMENTATIONS = YES;
				CLANG_WARN_DIRECT_OBJC_ISA_USAGE = YES_ERROR;
				CLANG_WARN_DOCUMENTATION_COMMENTS = YES;
				CLANG_WARN_EMPTY_BODY = YES;
				CLANG_WARN_ENUM_CONVERSION = YES;
				CLANG_WARN_INFINITE_RECURSION = YES;
				CLANG_WARN_INT_CONVERSION = YES;
				CLANG_WARN_NON_LITERAL_NULL_CONVERSION = YES;
				CLANG_WARN_OBJC_IMPLICIT_RETAIN_SELF = YES;
				CLANG_WARN_OBJC_LITERAL_CONVERSION = YES;
				CLANG_WARN_OBJC_ROOT_CLASS = YES_ERROR;
				CLANG_WARN_QUOTED_INCLUDE_IN_FRAMEWORK_HEADER = YES;
				CLANG_WARN_RANGE_LOOP_ANALYSIS = YES;
				CLANG_WARN_STRICT_PROTOTYPES = YES;
				CLANG_WARN_SUSPICIOUS_MOVE = YES;
				CLANG_WARN_UNGUARDED_AVAILABILITY = YES_AGGRESSIVE;
				CLANG_WARN_UNREACHABLE_CODE = YES;
				CLANG_WARN__DUPLICATE_METHOD_MATCH = YES;
				COPY_PHASE_STRIP = NO;
				DEBUG_INFORMATION_FORMAT = "dwarf-with-dsym";
				ENABLE_NS_ASSERTIONS = NO;
				ENABLE_STRICT_OBJC_MSGSEND = YES;
				GCC_C_LANGUAGE_STANDARD = gnu11;
				GCC_NO_COMMON_BLOCKS = YES;
				GCC_WARN_64_TO_32_BIT_CONVERSION = YES;
				GCC_WARN_ABOUT_RETURN_TYPE = YES_ERROR;
				GCC_WARN_UNDECLARED_SELECTOR = YES;
				GCC_WARN_UNINITIALIZED_AUTOS = YES_AGGRESSIVE;
				GCC_WARN_UNUSED_FUNCTION = YES;
				GCC_WARN_UNUSED_VARIABLE = YES;
				IPHONEOS_DEPLOYMENT_TARGET = 16.2;
				MTL_ENABLE_DEBUG_INFO = NO;
				MTL_FAST_MATH = YES;
				SDKROOT = iphoneos;
				SWIFT_COMPILATION_MODE = wholemodule;
				SWIFT_OPTIMIZATION_LEVEL = "-O";
				VALIDATE_PRODUCT = YES;
			};
			name = Release;
		};
		AC91E283297D5C2F007CBFA9 /* Debug */ = {
			isa = XCBuildConfiguration;
			buildSettings = {
				ASSETCATALOG_COMPILER_APPICON_NAME = AppIcon;
				ASSETCATALOG_COMPILER_GLOBAL_ACCENT_COLOR_NAME = AccentColor;
				CODE_SIGN_STYLE = Automatic;
				CURRENT_PROJECT_VERSION = 1;
				DEVELOPMENT_ASSET_PATHS = "\"SwiftUI_ShopingApp/Preview Content\"";
				DEVELOPMENT_TEAM = 8N7YRTC92N;
				ENABLE_PREVIEWS = YES;
				GENERATE_INFOPLIST_FILE = YES;
				INFOPLIST_FILE = "SwiftUI-ShopingApp-Info.plist";
				INFOPLIST_KEY_UIApplicationSupportsIndirectInputEvents = YES;
				INFOPLIST_KEY_UILaunchScreen_Generation = YES;
				INFOPLIST_KEY_UISupportedInterfaceOrientations_iPad = "UIInterfaceOrientationPortrait UIInterfaceOrientationPortraitUpsideDown UIInterfaceOrientationLandscapeLeft UIInterfaceOrientationLandscapeRight";
				INFOPLIST_KEY_UISupportedInterfaceOrientations_iPhone = "UIInterfaceOrientationPortrait UIInterfaceOrientationLandscapeLeft UIInterfaceOrientationLandscapeRight";
				LD_RUNPATH_SEARCH_PATHS = (
					"$(inherited)",
					"@executable_path/Frameworks",
				);
				MARKETING_VERSION = 1.0;
				PRODUCT_BUNDLE_IDENTIFIER = "dae-bong-ski.SwiftUI-ShopingApp";
				PRODUCT_NAME = "$(TARGET_NAME)";
				SWIFT_EMIT_LOC_STRINGS = YES;
				SWIFT_VERSION = 5.0;
				TARGETED_DEVICE_FAMILY = "1,2";
			};
			name = Debug;
		};
		AC91E284297D5C2F007CBFA9 /* Release */ = {
			isa = XCBuildConfiguration;
			buildSettings = {
				ASSETCATALOG_COMPILER_APPICON_NAME = AppIcon;
				ASSETCATALOG_COMPILER_GLOBAL_ACCENT_COLOR_NAME = AccentColor;
				CODE_SIGN_STYLE = Automatic;
				CURRENT_PROJECT_VERSION = 1;
				DEVELOPMENT_ASSET_PATHS = "\"SwiftUI_ShopingApp/Preview Content\"";
				DEVELOPMENT_TEAM = 8N7YRTC92N;
				ENABLE_PREVIEWS = YES;
				GENERATE_INFOPLIST_FILE = YES;
				INFOPLIST_FILE = "SwiftUI-ShopingApp-Info.plist";
				INFOPLIST_KEY_UIApplicationSupportsIndirectInputEvents = YES;
				INFOPLIST_KEY_UILaunchScreen_Generation = YES;
				INFOPLIST_KEY_UISupportedInterfaceOrientations_iPad = "UIInterfaceOrientationPortrait UIInterfaceOrientationPortraitUpsideDown UIInterfaceOrientationLandscapeLeft UIInterfaceOrientationLandscapeRight";
				INFOPLIST_KEY_UISupportedInterfaceOrientations_iPhone = "UIInterfaceOrientationPortrait UIInterfaceOrientationLandscapeLeft UIInterfaceOrientationLandscapeRight";
				LD_RUNPATH_SEARCH_PATHS = (
					"$(inherited)",
					"@executable_path/Frameworks",
				);
				MARKETING_VERSION = 1.0;
				PRODUCT_BUNDLE_IDENTIFIER = "dae-bong-ski.SwiftUI-ShopingApp";
				PRODUCT_NAME = "$(TARGET_NAME)";
				SWIFT_EMIT_LOC_STRINGS = YES;
				SWIFT_VERSION = 5.0;
				TARGETED_DEVICE_FAMILY = "1,2";
			};
			name = Release;
		};
/* End XCBuildConfiguration section */

/* Begin XCConfigurationList section */
		AC91E26F297D5C2E007CBFA9 /* Build configuration list for PBXProject "SwiftUI_ShopingApp" */ = {
			isa = XCConfigurationList;
			buildConfigurations = (
				AC91E280297D5C2F007CBFA9 /* Debug */,
				AC91E281297D5C2F007CBFA9 /* Release */,
			);
			defaultConfigurationIsVisible = 0;
			defaultConfigurationName = Release;
		};
		AC91E282297D5C2F007CBFA9 /* Build configuration list for PBXNativeTarget "SwiftUI_ShopingApp" */ = {
			isa = XCConfigurationList;
			buildConfigurations = (
				AC91E283297D5C2F007CBFA9 /* Debug */,
				AC91E284297D5C2F007CBFA9 /* Release */,
			);
			defaultConfigurationIsVisible = 0;
			defaultConfigurationName = Release;
		};
/* End XCConfigurationList section */
	};
	rootObject = AC91E26C297D5C2E007CBFA9 /* Project object */;
}
